<?xml version="1.0" encoding="utf-8"?>
<Project ToolsVersion="4.0" xmlns="http://schemas.microsoft.com/developer/msbuild/2003">
  <ItemGroup>
    <Filter Include="Source Files">
      <UniqueIdentifier>{4FC737F1-C7A5-4376-A066-2A32D752A2FF}</UniqueIdentifier>
      <Extensions>cpp;c;cc;def;odl;idl;hpj;bat;asm;asmx</Extensions>
    </Filter>
    <Filter Include="Header Files">
      <UniqueIdentifier>{93995380-89BD-4b04-88EB-625FBE52EBFB}</UniqueIdentifier>
      <Extensions>h;hm;hpp;xsd</Extensions>
    </Filter>
    <Filter Include="Include Files">
      <UniqueIdentifier>{4fad4f29-45cc-4f2d-bd13-c59cc0fa8b96}</UniqueIdentifier>
      <Extensions>hxx;inl;inc</Extensions>
    </Filter>
    <Filter Include="SCU File">
      <UniqueIdentifier>{a93851c8-c73a-4d3e-9c8b-a08a076bc458}</UniqueIdentifier>
      <Extensions>cxx</Extensions>
    </Filter>
    <Filter Include="Configuration Files">
      <UniqueIdentifier>{6748d697-f698-49b0-b5a0-056462cad297}</UniqueIdentifier>
      <Extensions>xml;ini;txt</Extensions>
    </Filter>
    <Filter Include="OLink">
      <UniqueIdentifier>{8896d861-b397-4ae8-90e2-6b6bf7a2279f}</UniqueIdentifier>
    </Filter>
    <Filter Include="OLink\Cores">
      <UniqueIdentifier>{941580f3-dffa-4282-8308-e5268c97d12e}</UniqueIdentifier>
    </Filter>
    <Filter Include="OLink\Content">
      <UniqueIdentifier>{321048dc-0894-4a26-810c-9138a9e6138c}</UniqueIdentifier>
    </Filter>
    <Filter Include="OLink\Cores\GUI">
      <UniqueIdentifier>{9805dfaa-29b1-4609-9317-5898aeef04b6}</UniqueIdentifier>
    </Filter>
    <Filter Include="OLink\Cores\Logic">
      <UniqueIdentifier>{572bf22a-8966-4f67-8cc4-758a30065b77}</UniqueIdentifier>
    </Filter>
    <Filter Include="OLink\Cores\Networking">
      <UniqueIdentifier>{30c9236e-ab5b-4bb1-a495-0bd4119888e6}</UniqueIdentifier>
    </Filter>
    <Filter Include="OLink\Cores\Security">
      <UniqueIdentifier>{e0843f1b-68d7-4abc-a15e-e0fb350e6573}</UniqueIdentifier>
    </Filter>
    <Filter Include="OLink\Cores\Plugins">
      <UniqueIdentifier>{65661c0d-8043-44b4-b585-0354dbac3865}</UniqueIdentifier>
    </Filter>
    <Filter Include="OLink\Cores\GUI\Window System">
      <UniqueIdentifier>{320a05e6-0f92-4b77-9061-e2ba2053e535}</UniqueIdentifier>
    </Filter>
  </ItemGroup>
  <ItemGroup>
    <ClCompile Include="..\src\application.cxx">
      <Filter>SCU File</Filter>
    </ClCompile>
    <ClCompile Include="..\src\bootstrap.cpp">
      <Filter>Source Files</Filter>
    </ClCompile>
    <ClCompile Include="..\OLink\Cores\GUI\Window System\Button.cpp">
      <Filter>OLink\Cores\GUI\Window System</Filter>
    </ClCompile>
    <ClCompile Include="..\OLink\Cores\GUI\Window System\CheckBox.cpp">
      <Filter>OLink\Cores\GUI\Window System</Filter>
    </ClCompile>
    <ClCompile Include="..\OLink\Cores\GUI\Window System\GUIObject.cpp">
      <Filter>OLink\Cores\GUI\Window System</Filter>
    </ClCompile>
    <ClCompile Include="..\OLink\Cores\GUI\Window System\ImageLabel.cpp">
      <Filter>OLink\Cores\GUI\Window System</Filter>
    </ClCompile>
    <ClCompile Include="..\OLink\Cores\GUI\Window System\RadioButton.cpp">
      <Filter>OLink\Cores\GUI\Window System</Filter>
    </ClCompile>
    <ClCompile Include="..\OLink\Cores\GUI\Window System\Slider.cpp">
      <Filter>OLink\Cores\GUI\Window System</Filter>
    </ClCompile>
    <ClCompile Include="..\OLink\Cores\GUI\Window System\TextLabel.cpp">
      <Filter>OLink\Cores\GUI\Window System</Filter>
    </ClCompile>
    <ClCompile Include="..\OLink\Cores\GUI\Window System\Window System.cpp">
      <Filter>OLink\Cores\GUI\Window System</Filter>
    </ClCompile>
    <ClCompile Include="..\OLink\Cores\GUI\Window System\Window.cpp">
      <Filter>OLink\Cores\GUI\Window System</Filter>
    </ClCompile>
    <ClCompile Include="..\OLink\Cores\GUI\GUITestState.cpp">
      <Filter>OLink\Cores\GUI</Filter>
    </ClCompile>
  </ItemGroup>
  <ItemGroup>
    <ClInclude Include="..\include\zenilib.h">
      <Filter>Header Files</Filter>
    </ClInclude>
    <ClInclude Include="..\include\zeni_net.h">
      <Filter>Header Files</Filter>
    </ClInclude>
    <ClInclude Include="..\include\zeni_core.h">
      <Filter>Header Files</Filter>
    </ClInclude>
    <ClInclude Include="..\include\zeni_rest.h">
      <Filter>Header Files</Filter>
    </ClInclude>
    <ClInclude Include="..\include\zeni_audio.h">
      <Filter>Header Files</Filter>
    </ClInclude>
    <ClInclude Include="..\include\zeni_graphics.h">
      <Filter>Header Files</Filter>
    </ClInclude>
    <ClInclude Include="..\OLink\Cores\GUI\Window System\Button.h">
      <Filter>OLink\Cores\GUI\Window System</Filter>
    </ClInclude>
    <ClInclude Include="..\OLink\Cores\GUI\Window System\CheckBox.h">
      <Filter>OLink\Cores\GUI\Window System</Filter>
    </ClInclude>
    <ClInclude Include="..\OLink\Cores\GUI\Window System\GUIObject.h">
      <Filter>OLink\Cores\GUI\Window System</Filter>
    </ClInclude>
    <ClInclude Include="..\OLink\Cores\GUI\Window System\ImageLabel.h">
      <Filter>OLink\Cores\GUI\Window System</Filter>
    </ClInclude>
    <ClInclude Include="..\OLink\Cores\GUI\Window System\RadioButton.h">
      <Filter>OLink\Cores\GUI\Window System</Filter>
    </ClInclude>
    <ClInclude Include="..\OLink\Cores\GUI\Window System\Slider.h">
      <Filter>OLink\Cores\GUI\Window System</Filter>
    </ClInclude>
    <ClInclude Include="..\OLink\Cores\GUI\Window System\TextLabel.h">
      <Filter>OLink\Cores\GUI\Window System</Filter>
    </ClInclude>
    <ClInclude Include="..\OLink\Cores\GUI\Window System\Window System.h">
      <Filter>OLink\Cores\GUI\Window System</Filter>
    </ClInclude>
    <ClInclude Include="..\OLink\Cores\GUI\GUITestState.h">
      <Filter>OLink\Cores\GUI</Filter>
    </ClInclude>
    <ClInclude Include="..\OLink\Cores\GUI\Window System\Window.h">
      <Filter>OLink\Cores\GUI</Filter>
    </ClInclude>
  </ItemGroup>
  <ItemGroup>
    <None Include="..\config\colors.xml">
      <Filter>Configuration Files</Filter>
    </None>
    <None Include="..\config\fonts.xml">
      <Filter>Configuration Files</Filter>
    </None>
    <None Include="..\config\sounds.xml">
      <Filter>Configuration Files</Filter>
    </None>
    <None Include="..\config\textures.xml">
      <Filter>Configuration Files</Filter>
    </None>
    <None Include="..\config\zenilib.xml">
      <Filter>Configuration Files</Filter>
    </None>
  </ItemGroup>
</Project>